
Microsoft Visual Studio Solution File, Format Version 12.00
# Visual Studio Version 16
VisualStudioVersion = 16.0.31624.102
MinimumVisualStudioVersion = 10.0.40219.1
Project("{FAE04EC0-301F-11D3-BF4B-00C04F79EFBC}") = "APICatalogoJogos", "APICatalogoJogos\APICatalogoJogos.csproj", "{ABE9342E-21EE-41F6-8F4A-05DB5F40121D}"
EndProject
Global
	GlobalSection(SolutionConfigurationPlatforms) = preSolution
		Debug|Any CPU = Debug|Any CPU
		Release|Any CPU = Release|Any CPU
	EndGlobalSection
	GlobalSection(ProjectConfigurationPlatforms) = postSolution
		{ABE9342E-21EE-41F6-8F4A-05DB5F40121D}.Debug|Any CPU.ActiveCfg = Debug|Any CPU
		{ABE9342E-21EE-41F6-8F4A-05DB5F40121D}.Debug|Any CPU.Build.0 = Debug|Any CPU
		{ABE9342E-21EE-41F6-8F4A-05DB5F40121D}.Release|Any CPU.ActiveCfg = Release|Any CPU
		{ABE9342E-21EE-41F6-8F4A-05DB5F40121D}.Release|Any CPU.Build.0 = Release|Any CPU
	EndGlobalSection
	GlobalSection(SolutionProperties) = preSolution
		HideSolutionNode = FALSE
	EndGlobalSection
	GlobalSection(ExtensibilityGlobals) = postSolution
		SolutionGuid = {BA0DA0E5-DA09-44CC-8964-4DD9ABF6B2B9}
	EndGlobalSection
EndGlobal
